
Microsoft Visual Studio Solution File, Format Version 12.00
# Visual Studio 15
VisualStudioVersion = 15.0.27703.2026
MinimumVisualStudioVersion = 10.0.40219.1
Project("{FAE04EC0-301F-11D3-BF4B-00C04F79EFBC}") = "FileCabinet.WebApi", "FileCabinet.WebApi\FileCabinet.WebApi.csproj", "{B8CAAC69-0B6E-49E8-9ABB-91C6C599E4A0}"
EndProject
Project("{FAE04EC0-301F-11D3-BF4B-00C04F79EFBC}") = "FileCabinet.Dal.Contracts", "FileCabinet.Dal.Contracts\FileCabinet.Dal.Contracts.csproj", "{06A5DAE0-268B-4ABB-80D2-46E0005A5FE7}"
EndProject
Project("{FAE04EC0-301F-11D3-BF4B-00C04F79EFBC}") = "FileCabinet.Dal", "FileCabinet.Dal\FileCabinet.Dal.csproj", "{9324F072-2DF5-48F9-BA74-75CB3AC751C0}"
EndProject
Project("{FAE04EC0-301F-11D3-BF4B-00C04F79EFBC}") = "FileCabinet.Bll.Contracts", "FileCabinet.Bll.Contracts\FileCabinet.Bll.Contracts.csproj", "{03065076-FADD-43AF-BEA9-58C2BD319786}"
EndProject
Project("{FAE04EC0-301F-11D3-BF4B-00C04F79EFBC}") = "FileCabinet.Bll", "FileCabinet.Bll\FileCabinet.Bll.csproj", "{F713AF49-0CB5-4BF7-B6DD-ABB7E5C62E40}"
EndProject
Global
	GlobalSection(SolutionConfigurationPlatforms) = preSolution
		Debug|Any CPU = Debug|Any CPU
		Release|Any CPU = Release|Any CPU
	EndGlobalSection
	GlobalSection(ProjectConfigurationPlatforms) = postSolution
		{B8CAAC69-0B6E-49E8-9ABB-91C6C599E4A0}.Debug|Any CPU.ActiveCfg = Debug|Any CPU
		{B8CAAC69-0B6E-49E8-9ABB-91C6C599E4A0}.Debug|Any CPU.Build.0 = Debug|Any CPU
		{B8CAAC69-0B6E-49E8-9ABB-91C6C599E4A0}.Release|Any CPU.ActiveCfg = Release|Any CPU
		{B8CAAC69-0B6E-49E8-9ABB-91C6C599E4A0}.Release|Any CPU.Build.0 = Release|Any CPU
		{06A5DAE0-268B-4ABB-80D2-46E0005A5FE7}.Debug|Any CPU.ActiveCfg = Debug|Any CPU
		{06A5DAE0-268B-4ABB-80D2-46E0005A5FE7}.Debug|Any CPU.Build.0 = Debug|Any CPU
		{06A5DAE0-268B-4ABB-80D2-46E0005A5FE7}.Release|Any CPU.ActiveCfg = Release|Any CPU
		{06A5DAE0-268B-4ABB-80D2-46E0005A5FE7}.Release|Any CPU.Build.0 = Release|Any CPU
		{9324F072-2DF5-48F9-BA74-75CB3AC751C0}.Debug|Any CPU.ActiveCfg = Debug|Any CPU
		{9324F072-2DF5-48F9-BA74-75CB3AC751C0}.Debug|Any CPU.Build.0 = Debug|Any CPU
		{9324F072-2DF5-48F9-BA74-75CB3AC751C0}.Release|Any CPU.ActiveCfg = Release|Any CPU
		{9324F072-2DF5-48F9-BA74-75CB3AC751C0}.Release|Any CPU.Build.0 = Release|Any CPU
		{03065076-FADD-43AF-BEA9-58C2BD319786}.Debug|Any CPU.ActiveCfg = Debug|Any CPU
		{03065076-FADD-43AF-BEA9-58C2BD319786}.Debug|Any CPU.Build.0 = Debug|Any CPU
		{03065076-FADD-43AF-BEA9-58C2BD319786}.Release|Any CPU.ActiveCfg = Release|Any CPU
		{03065076-FADD-43AF-BEA9-58C2BD319786}.Release|Any CPU.Build.0 = Release|Any CPU
		{F713AF49-0CB5-4BF7-B6DD-ABB7E5C62E40}.Debug|Any CPU.ActiveCfg = Debug|Any CPU
		{F713AF49-0CB5-4BF7-B6DD-ABB7E5C62E40}.Debug|Any CPU.Build.0 = Debug|Any CPU
		{F713AF49-0CB5-4BF7-B6DD-ABB7E5C62E40}.Release|Any CPU.ActiveCfg = Release|Any CPU
		{F713AF49-0CB5-4BF7-B6DD-ABB7E5C62E40}.Release|Any CPU.Build.0 = Release|Any CPU
	EndGlobalSection
	GlobalSection(SolutionProperties) = preSolution
		HideSolutionNode = FALSE
	EndGlobalSection
	GlobalSection(ExtensibilityGlobals) = postSolution
		SolutionGuid = {9CADDB49-3FCA-464A-9F83-DB6F4CB9E58D}
	EndGlobalSection
EndGlobal
